
Microsoft Visual Studio Solution File, Format Version 12.00
# Visual Studio Version 17
VisualStudioVersion = 17.13.35913.81
MinimumVisualStudioVersion = 10.0.40219.1
Project("{FAE04EC0-301F-11D3-BF4B-00C04F79EFBC}") = "ApiSuperHerois", "ApiSuperHerois\ApiSuperHerois.csproj", "{3BA12999-C7F4-35B5-6B96-5752D417C3BF}"
EndProject
Global
	GlobalSection(SolutionConfigurationPlatforms) = preSolution
		Debug|Any CPU = Debug|Any CPU
		Release|Any CPU = Release|Any CPU
	EndGlobalSection
	GlobalSection(ProjectConfigurationPlatforms) = postSolution
		{3BA12999-C7F4-35B5-6B96-5752D417C3BF}.Debug|Any CPU.ActiveCfg = Debug|Any CPU
		{3BA12999-C7F4-35B5-6B96-5752D417C3BF}.Debug|Any CPU.Build.0 = Debug|Any CPU
		{3BA12999-C7F4-35B5-6B96-5752D417C3BF}.Release|Any CPU.ActiveCfg = Release|Any CPU
		{3BA12999-C7F4-35B5-6B96-5752D417C3BF}.Release|Any CPU.Build.0 = Release|Any CPU
	EndGlobalSection
	GlobalSection(SolutionProperties) = preSolution
		HideSolutionNode = FALSE
	EndGlobalSection
	GlobalSection(ExtensibilityGlobals) = postSolution
		SolutionGuid = {C5CA99C9-1757-4E00-A885-AE73BD36ED2D}
	EndGlobalSection
EndGlobal
